
Microsoft Visual Studio Solution File, Format Version 12.00
# Visual Studio Version 16
VisualStudioVersion = 16.0.29102.190
MinimumVisualStudioVersion = 10.0.40219.1
Project("{FAE04EC0-301F-11D3-BF4B-00C04F79EFBC}") = "MoneyManager.WebUI", "MoneyManager.WebUI\MoneyManager.WebUI.csproj", "{91499411-2412-4A13-BB33-0B258F7DADAC}"
EndProject
Project("{FAE04EC0-301F-11D3-BF4B-00C04F79EFBC}") = "MoneyManager.DAL", "MoneyManager.DAL\MoneyManager.DAL.csproj", "{56EDEFC6-4D13-4B12-B35E-7F614B3F422F}"
EndProject
Global
	GlobalSection(SolutionConfigurationPlatforms) = preSolution
		Debug|Any CPU = Debug|Any CPU
		Release|Any CPU = Release|Any CPU
	EndGlobalSection
	GlobalSection(ProjectConfigurationPlatforms) = postSolution
		{91499411-2412-4A13-BB33-0B258F7DADAC}.Debug|Any CPU.ActiveCfg = Debug|Any CPU
		{91499411-2412-4A13-BB33-0B258F7DADAC}.Debug|Any CPU.Build.0 = Debug|Any CPU
		{91499411-2412-4A13-BB33-0B258F7DADAC}.Release|Any CPU.ActiveCfg = Release|Any CPU
		{91499411-2412-4A13-BB33-0B258F7DADAC}.Release|Any CPU.Build.0 = Release|Any CPU
		{56EDEFC6-4D13-4B12-B35E-7F614B3F422F}.Debug|Any CPU.ActiveCfg = Debug|Any CPU
		{56EDEFC6-4D13-4B12-B35E-7F614B3F422F}.Debug|Any CPU.Build.0 = Debug|Any CPU
		{56EDEFC6-4D13-4B12-B35E-7F614B3F422F}.Release|Any CPU.ActiveCfg = Release|Any CPU
		{56EDEFC6-4D13-4B12-B35E-7F614B3F422F}.Release|Any CPU.Build.0 = Release|Any CPU
	EndGlobalSection
	GlobalSection(SolutionProperties) = preSolution
		HideSolutionNode = FALSE
	EndGlobalSection
	GlobalSection(ExtensibilityGlobals) = postSolution
		SolutionGuid = {2AD4A1A3-4DA5-48AA-B82D-3AF427345914}
	EndGlobalSection
EndGlobal
